Microsoft Visual Studio Solution File, Format Version 12.00
# Visual Studio Version 17
VisualStudioVersion = 17.5.2.0
MinimumVisualStudioVersion = 10.0.40219.1
Project("{2150E333-8FDC-42A3-9474-1A3956D46DE8}") = "backend", "backend", "{1AE8ACA6-933B-BF2A-3671-3E2EAC007D16}"
EndProject
Project("{FAE04EC0-301F-11D3-BF4B-00C04F79EFBC}") = "OrchestAI.Api", "backend\OrchestAI.Api.csproj", "{EC4DCB5A-1890-D9E8-1383-48C4761DA007}"
EndProject
Global
	GlobalSection(SolutionConfigurationPlatforms) = preSolution
		Debug|Any CPU = Debug|Any CPU
		Release|Any CPU = Release|Any CPU
	EndGlobalSection
	GlobalSection(ProjectConfigurationPlatforms) = postSolution
		{EC4DCB5A-1890-D9E8-1383-48C4761DA007}.Debug|Any CPU.ActiveCfg = Debug|Any CPU
		{EC4DCB5A-1890-D9E8-1383-48C4761DA007}.Debug|Any CPU.Build.0 = Debug|Any CPU
		{EC4DCB5A-1890-D9E8-1383-48C4761DA007}.Release|Any CPU.ActiveCfg = Release|Any CPU
		{EC4DCB5A-1890-D9E8-1383-48C4761DA007}.Release|Any CPU.Build.0 = Release|Any CPU
	EndGlobalSection
	GlobalSection(SolutionProperties) = preSolution
		HideSolutionNode = FALSE
	EndGlobalSection
	GlobalSection(NestedProjects) = preSolution
		{EC4DCB5A-1890-D9E8-1383-48C4761DA007} = {1AE8ACA6-933B-BF2A-3671-3E2EAC007D16}
	EndGlobalSection
	GlobalSection(ExtensibilityGlobals) = postSolution
		SolutionGuid = {0195CED1-BEF5-4160-B10C-4D4E63238E28}
	EndGlobalSection
EndGlobal
